
Microsoft Visual Studio Solution File, Format Version 12.00
# Visual Studio 15
Project("{FAE04EC0-301F-11D3-BF4B-00C04F79EFBC}") = "Assembly-CSharp", "Assembly-CSharp.csproj", "{BE956B5E-B3C3-02EB-28A4-E3DE6EE3639E}"
EndProject
Global
	GlobalSection(SolutionConfigurationPlatforms) = preSolution
		Debug|Any CPU = Debug|Any CPU
		Release|Any CPU = Release|Any CPU
	EndGlobalSection
	GlobalSection(ProjectConfigurationPlatforms) = postSolution
		{BE956B5E-B3C3-02EB-28A4-E3DE6EE3639E}.Debug|Any CPU.ActiveCfg = Debug|Any CPU
		{BE956B5E-B3C3-02EB-28A4-E3DE6EE3639E}.Debug|Any CPU.Build.0 = Debug|Any CPU
		{BE956B5E-B3C3-02EB-28A4-E3DE6EE3639E}.Release|Any CPU.ActiveCfg = Release|Any CPU
		{BE956B5E-B3C3-02EB-28A4-E3DE6EE3639E}.Release|Any CPU.Build.0 = Release|Any CPU
	EndGlobalSection
	GlobalSection(SolutionProperties) = preSolution
		HideSolutionNode = FALSE
	EndGlobalSection
EndGlobal
